
Microsoft Visual Studio Solution File, Format Version 12.00
# Visual Studio Version 17
VisualStudioVersion = 17.6.33723.286
MinimumVisualStudioVersion = 10.0.40219.1
Project("{FAE04EC0-301F-11D3-BF4B-00C04F79EFBC}") = "Array_1D_2D", "Array_1D_2D\Array_1D_2D.csproj", "{DE823D93-9950-4EAA-8969-F9007F2CE00D}"
EndProject
Global
	GlobalSection(SolutionConfigurationPlatforms) = preSolution
		Debug|Any CPU = Debug|Any CPU
		Release|Any CPU = Release|Any CPU
	EndGlobalSection
	GlobalSection(ProjectConfigurationPlatforms) = postSolution
		{DE823D93-9950-4EAA-8969-F9007F2CE00D}.Debug|Any CPU.ActiveCfg = Debug|Any CPU
		{DE823D93-9950-4EAA-8969-F9007F2CE00D}.Debug|Any CPU.Build.0 = Debug|Any CPU
		{DE823D93-9950-4EAA-8969-F9007F2CE00D}.Release|Any CPU.ActiveCfg = Release|Any CPU
		{DE823D93-9950-4EAA-8969-F9007F2CE00D}.Release|Any CPU.Build.0 = Release|Any CPU
	EndGlobalSection
	GlobalSection(SolutionProperties) = preSolution
		HideSolutionNode = FALSE
	EndGlobalSection
	GlobalSection(ExtensibilityGlobals) = postSolution
		SolutionGuid = {B3BB3AE3-3262-40CF-815A-B026BC30555C}
	EndGlobalSection
EndGlobal
